{
  "name": "penthouse-api",
  "version": "1.0.0",
  "description": "NeaPay Complete API",
  "main": "server.js",
  "scripts": {
    "start": "node server.js",
    "dev": "node server.js",
    "test": "echo 'No tests'",
    "lint": "echo 'No lint'",
    "build": "echo 'No build needed'"
  },
  "dependencies": {
    "express": "^4.18.2",
    "cors": "^2.8.5",
    "dotenv": "^16.0.3"
  },
  "devDependencies": {}
}
